
Microsoft Visual Studio Solution File, Format Version 12.00
# Visual Studio Version 16
VisualStudioVersion = 16.0.31613.86
MinimumVisualStudioVersion = 10.0.40219.1
Project("{9A19103F-16F7-4668-BE54-9A1E7A4F7556}") = "CalculatorOOP", "CalculatorOOP\CalculatorOOP.csproj", "{8EB709E2-465C-4638-B730-37424304C75C}"
EndProject
Project("{FAE04EC0-301F-11D3-BF4B-00C04F79EFBC}") = "CalculatorOOP.Tests", "CalculatorOOP.Tests\CalculatorOOP.Tests.csproj", "{ADD8CEDD-B690-4EFC-908C-8714B6942F84}"
EndProject
Global
	GlobalSection(SolutionConfigurationPlatforms) = preSolution
		Debug|Any CPU = Debug|Any CPU
		Release|Any CPU = Release|Any CPU
	EndGlobalSection
	GlobalSection(ProjectConfigurationPlatforms) = postSolution
		{8EB709E2-465C-4638-B730-37424304C75C}.Debug|Any CPU.ActiveCfg = Debug|Any CPU
		{8EB709E2-465C-4638-B730-37424304C75C}.Debug|Any CPU.Build.0 = Debug|Any CPU
		{8EB709E2-465C-4638-B730-37424304C75C}.Release|Any CPU.ActiveCfg = Release|Any CPU
		{8EB709E2-465C-4638-B730-37424304C75C}.Release|Any CPU.Build.0 = Release|Any CPU
		{ADD8CEDD-B690-4EFC-908C-8714B6942F84}.Debug|Any CPU.ActiveCfg = Debug|Any CPU
		{ADD8CEDD-B690-4EFC-908C-8714B6942F84}.Debug|Any CPU.Build.0 = Debug|Any CPU
		{ADD8CEDD-B690-4EFC-908C-8714B6942F84}.Release|Any CPU.ActiveCfg = Release|Any CPU
		{ADD8CEDD-B690-4EFC-908C-8714B6942F84}.Release|Any CPU.Build.0 = Release|Any CPU
	EndGlobalSection
	GlobalSection(SolutionProperties) = preSolution
		HideSolutionNode = FALSE
	EndGlobalSection
	GlobalSection(ExtensibilityGlobals) = postSolution
		SolutionGuid = {E84AEE19-76C0-4FD2-870C-72BE40ECB63B}
	EndGlobalSection
EndGlobal
